
Microsoft Visual Studio Solution File, Format Version 12.00
# Visual Studio Version 17
VisualStudioVersion = 17.12.35521.163 d17.12
MinimumVisualStudioVersion = 10.0.40219.1
Project("{FAE04EC0-301F-11D3-BF4B-00C04F79EFBC}") = "FIFO.project1", "HR\FIFO.project1.csproj", "{EF9CFF6B-7620-47B9-8154-12B5075344DE}"
EndProject
Project("{FAE04EC0-301F-11D3-BF4B-00C04F79EFBC}") = "FIFO.HR", "FIFO.HR\FIFO.HR.csproj", "{E3C80FA8-EB12-423F-9806-5706AEEEB5F9}"
EndProject
Project("{FAE04EC0-301F-11D3-BF4B-00C04F79EFBC}") = "ConsoleApp1", "ConsoleApp1\ConsoleApp1.csproj", "{58354E7C-6E97-4E26-964D-21502197D3F9}"
EndProject
Project("{FAE04EC0-301F-11D3-BF4B-00C04F79EFBC}") = "FIFO.AUTO", "FIFO.ADD\FIFO.AUTO.csproj", "{A95DE479-6FE1-4A17-853E-142CE0B0569B}"
EndProject
Global
	GlobalSection(SolutionConfigurationPlatforms) = preSolution
		Debug|Any CPU = Debug|Any CPU
		Release|Any CPU = Release|Any CPU
	EndGlobalSection
	GlobalSection(ProjectConfigurationPlatforms) = postSolution
		{EF9CFF6B-7620-47B9-8154-12B5075344DE}.Debug|Any CPU.ActiveCfg = Debug|Any CPU
		{EF9CFF6B-7620-47B9-8154-12B5075344DE}.Debug|Any CPU.Build.0 = Debug|Any CPU
		{EF9CFF6B-7620-47B9-8154-12B5075344DE}.Release|Any CPU.ActiveCfg = Release|Any CPU
		{EF9CFF6B-7620-47B9-8154-12B5075344DE}.Release|Any CPU.Build.0 = Release|Any CPU
		{E3C80FA8-EB12-423F-9806-5706AEEEB5F9}.Debug|Any CPU.ActiveCfg = Debug|Any CPU
		{E3C80FA8-EB12-423F-9806-5706AEEEB5F9}.Debug|Any CPU.Build.0 = Debug|Any CPU
		{E3C80FA8-EB12-423F-9806-5706AEEEB5F9}.Release|Any CPU.ActiveCfg = Release|Any CPU
		{E3C80FA8-EB12-423F-9806-5706AEEEB5F9}.Release|Any CPU.Build.0 = Release|Any CPU
		{58354E7C-6E97-4E26-964D-21502197D3F9}.Debug|Any CPU.ActiveCfg = Debug|Any CPU
		{58354E7C-6E97-4E26-964D-21502197D3F9}.Debug|Any CPU.Build.0 = Debug|Any CPU
		{58354E7C-6E97-4E26-964D-21502197D3F9}.Release|Any CPU.ActiveCfg = Release|Any CPU
		{58354E7C-6E97-4E26-964D-21502197D3F9}.Release|Any CPU.Build.0 = Release|Any CPU
		{A95DE479-6FE1-4A17-853E-142CE0B0569B}.Debug|Any CPU.ActiveCfg = Debug|Any CPU
		{A95DE479-6FE1-4A17-853E-142CE0B0569B}.Debug|Any CPU.Build.0 = Debug|Any CPU
		{A95DE479-6FE1-4A17-853E-142CE0B0569B}.Release|Any CPU.ActiveCfg = Release|Any CPU
		{A95DE479-6FE1-4A17-853E-142CE0B0569B}.Release|Any CPU.Build.0 = Release|Any CPU
	EndGlobalSection
	GlobalSection(SolutionProperties) = preSolution
		HideSolutionNode = FALSE
	EndGlobalSection
EndGlobal
